
Microsoft Visual Studio Solution File, Format Version 12.00
# Visual Studio Version 16
VisualStudioVersion = 16.0.31112.23
MinimumVisualStudioVersion = 10.0.40219.1
Project("{FAE04EC0-301F-11D3-BF4B-00C04F79EFBC}") = "TrueCulture1", "TrueCulture1\TrueCulture1.csproj", "{4295FB1C-4E43-4FE3-974B-6DD94CE93807}"
EndProject
Global
	GlobalSection(SolutionConfigurationPlatforms) = preSolution
		Debug|Any CPU = Debug|Any CPU
		Release|Any CPU = Release|Any CPU
	EndGlobalSection
	GlobalSection(ProjectConfigurationPlatforms) = postSolution
		{4295FB1C-4E43-4FE3-974B-6DD94CE93807}.Debug|Any CPU.ActiveCfg = Debug|Any CPU
		{4295FB1C-4E43-4FE3-974B-6DD94CE93807}.Debug|Any CPU.Build.0 = Debug|Any CPU
		{4295FB1C-4E43-4FE3-974B-6DD94CE93807}.Release|Any CPU.ActiveCfg = Release|Any CPU
		{4295FB1C-4E43-4FE3-974B-6DD94CE93807}.Release|Any CPU.Build.0 = Release|Any CPU
	EndGlobalSection
	GlobalSection(SolutionProperties) = preSolution
		HideSolutionNode = FALSE
	EndGlobalSection
	GlobalSection(ExtensibilityGlobals) = postSolution
		SolutionGuid = {0C0EFEC7-2D7F-499D-A21B-DEA913085F66}
	EndGlobalSection
EndGlobal
